
Microsoft Visual Studio Solution File, Format Version 12.00
# Visual Studio Version 17
VisualStudioVersion = 17.14.36221.1
MinimumVisualStudioVersion = 10.0.40219.1
Project("{FAE04EC0-301F-11D3-BF4B-00C04F79EFBC}") = "Exlord.WebScan.LocalService", "Exlord.WebScan.LocalService\Exlord.WebScan.LocalService.csproj", "{2D22CFDE-41DB-4321-922E-840C3D11AAA1}"
EndProject
Project("{54A90642-561A-4BB1-A94E-469ADEE60C69}") = "Exlord.WebScan.Client", "Exlord.WebScan.Client\Exlord.WebScan.Client.esproj", "{64D25980-E144-338B-C318-30BDBC2717AC}"
EndProject
Global
	GlobalSection(SolutionConfigurationPlatforms) = preSolution
		Debug|Any CPU = Debug|Any CPU
		Release|Any CPU = Release|Any CPU
	EndGlobalSection
	GlobalSection(ProjectConfigurationPlatforms) = postSolution
		{2D22CFDE-41DB-4321-922E-840C3D11AAA1}.Debug|Any CPU.ActiveCfg = Debug|Any CPU
		{2D22CFDE-41DB-4321-922E-840C3D11AAA1}.Debug|Any CPU.Build.0 = Debug|Any CPU
		{2D22CFDE-41DB-4321-922E-840C3D11AAA1}.Release|Any CPU.ActiveCfg = Release|Any CPU
		{2D22CFDE-41DB-4321-922E-840C3D11AAA1}.Release|Any CPU.Build.0 = Release|Any CPU
		{64D25980-E144-338B-C318-30BDBC2717AC}.Debug|Any CPU.ActiveCfg = Debug|Any CPU
		{64D25980-E144-338B-C318-30BDBC2717AC}.Release|Any CPU.ActiveCfg = Release|Any CPU
		{64D25980-E144-338B-C318-30BDBC2717AC}.Release|Any CPU.Build.0 = Release|Any CPU
		{64D25980-E144-338B-C318-30BDBC2717AC}.Release|Any CPU.Deploy.0 = Release|Any CPU
	EndGlobalSection
	GlobalSection(SolutionProperties) = preSolution
		HideSolutionNode = FALSE
	EndGlobalSection
	GlobalSection(ExtensibilityGlobals) = postSolution
		SolutionGuid = {6362960C-F204-48FF-ADD3-DBCADFC7415A}
	EndGlobalSection
EndGlobal
